
Microsoft Visual Studio Solution File, Format Version 12.00
# Visual Studio Version 17
VisualStudioVersion = 17.13.35919.96 d17.13
MinimumVisualStudioVersion = 10.0.40219.1
Project("{FAE04EC0-301F-11D3-BF4B-00C04F79EFBC}") = "CSharpAIClient", "CSharpAIClient.csproj", "{705F16B2-56AB-4A06-AE59-8FF089DC885D}"
EndProject
Global
	GlobalSection(SolutionConfigurationPlatforms) = preSolution
		Debug|Any CPU = Debug|Any CPU
		Release|Any CPU = Release|Any CPU
	EndGlobalSection
	GlobalSection(ProjectConfigurationPlatforms) = postSolution
		{705F16B2-56AB-4A06-AE59-8FF089DC885D}.Debug|Any CPU.ActiveCfg = Debug|Any CPU
		{705F16B2-56AB-4A06-AE59-8FF089DC885D}.Debug|Any CPU.Build.0 = Debug|Any CPU
		{705F16B2-56AB-4A06-AE59-8FF089DC885D}.Release|Any CPU.ActiveCfg = Release|Any CPU
		{705F16B2-56AB-4A06-AE59-8FF089DC885D}.Release|Any CPU.Build.0 = Release|Any CPU
	EndGlobalSection
	GlobalSection(SolutionProperties) = preSolution
		HideSolutionNode = FALSE
	EndGlobalSection
	GlobalSection(ExtensibilityGlobals) = postSolution
		SolutionGuid = {2E92DAB0-CF08-42DC-9207-AE270457D993}
	EndGlobalSection
EndGlobal
